Microsoft Visual Studio Solution File, Format Version 12.00
# Visual Studio 2013
Project("{8BC9CEB8-8B4A-11D0-8D11-00A0C91BC942}") = "ALL_BUILD", "ALL_BUILD.vcxproj", "{36E70676-9D20-402F-A016-7663C24513ED}"
	ProjectSection(ProjectDependencies) = postProject
		{419DDA55-D99C-44E4-A44A-EBF8B66DC272} = {419DDA55-D99C-44E4-A44A-EBF8B66DC272}
		{2AFE110B-ECEB-4FE6-9951-5BA228A14E4E} = {2AFE110B-ECEB-4FE6-9951-5BA228A14E4E}
		{8742E23B-9621-4784-AFF7-FC9BC580D1B4} = {8742E23B-9621-4784-AFF7-FC9BC580D1B4}
	EndProjectSection
EndProject
Project("{8BC9CEB8-8B4A-11D0-8D11-00A0C91BC942}") = "Doom3BFG_VR", "Doom3BFG_VR.vcxproj", "{419DDA55-D99C-44E4-A44A-EBF8B66DC272}"
	ProjectSection(ProjectDependencies) = postProject
		{2AFE110B-ECEB-4FE6-9951-5BA228A14E4E} = {2AFE110B-ECEB-4FE6-9951-5BA228A14E4E}
		{8742E23B-9621-4784-AFF7-FC9BC580D1B4} = {8742E23B-9621-4784-AFF7-FC9BC580D1B4}
	EndProjectSection
EndProject
Project("{8BC9CEB8-8B4A-11D0-8D11-00A0C91BC942}") = "INSTALL", "INSTALL.vcxproj", "{7E94B136-1611-4BEE-95E3-D882AD0B63F1}"
	ProjectSection(ProjectDependencies) = postProject
		{36E70676-9D20-402F-A016-7663C24513ED} = {36E70676-9D20-402F-A016-7663C24513ED}
	EndProjectSection
EndProject
Project("{8BC9CEB8-8B4A-11D0-8D11-00A0C91BC942}") = "ZERO_CHECK", "ZERO_CHECK.vcxproj", "{2AFE110B-ECEB-4FE6-9951-5BA228A14E4E}"
	ProjectSection(ProjectDependencies) = postProject
	EndProjectSection
EndProject
Project("{8BC9CEB8-8B4A-11D0-8D11-00A0C91BC942}") = "idlib", "idlib\idlib.vcxproj", "{8742E23B-9621-4784-AFF7-FC9BC580D1B4}"
	ProjectSection(ProjectDependencies) = postProject
		{2AFE110B-ECEB-4FE6-9951-5BA228A14E4E} = {2AFE110B-ECEB-4FE6-9951-5BA228A14E4E}
	EndProjectSection
EndProject
Global
	GlobalSection(SolutionConfigurationPlatforms) = preSolution
		Debug|Win32 = Debug|Win32
		Release|Win32 = Release|Win32
		MinSizeRel|Win32 = MinSizeRel|Win32
		RelWithDebInfo|Win32 = RelWithDebInfo|Win32
	EndGlobalSection
	GlobalSection(ProjectConfigurationPlatforms) = postSolution
		{36E70676-9D20-402F-A016-7663C24513ED}.Debug|Win32.ActiveCfg = Debug|Win32
		{36E70676-9D20-402F-A016-7663C24513ED}.Debug|Win32.Build.0 = Debug|Win32
		{36E70676-9D20-402F-A016-7663C24513ED}.Release|Win32.ActiveCfg = Release|Win32
		{36E70676-9D20-402F-A016-7663C24513ED}.Release|Win32.Build.0 = Release|Win32
		{36E70676-9D20-402F-A016-7663C24513ED}.MinSizeRel|Win32.ActiveCfg = MinSizeRel|Win32
		{36E70676-9D20-402F-A016-7663C24513ED}.MinSizeRel|Win32.Build.0 = MinSizeRel|Win32
		{36E70676-9D20-402F-A016-7663C24513ED}.RelWithDebInfo|Win32.ActiveCfg = RelWithDebInfo|Win32
		{36E70676-9D20-402F-A016-7663C24513ED}.RelWithDebInfo|Win32.Build.0 = RelWithDebInfo|Win32
		{419DDA55-D99C-44E4-A44A-EBF8B66DC272}.Debug|Win32.ActiveCfg = Debug|Win32
		{419DDA55-D99C-44E4-A44A-EBF8B66DC272}.Debug|Win32.Build.0 = Debug|Win32
		{419DDA55-D99C-44E4-A44A-EBF8B66DC272}.Release|Win32.ActiveCfg = Release|Win32
		{419DDA55-D99C-44E4-A44A-EBF8B66DC272}.Release|Win32.Build.0 = Release|Win32
		{419DDA55-D99C-44E4-A44A-EBF8B66DC272}.MinSizeRel|Win32.ActiveCfg = MinSizeRel|Win32
		{419DDA55-D99C-44E4-A44A-EBF8B66DC272}.MinSizeRel|Win32.Build.0 = MinSizeRel|Win32
		{419DDA55-D99C-44E4-A44A-EBF8B66DC272}.RelWithDebInfo|Win32.ActiveCfg = RelWithDebInfo|Win32
		{419DDA55-D99C-44E4-A44A-EBF8B66DC272}.RelWithDebInfo|Win32.Build.0 = RelWithDebInfo|Win32
		{7E94B136-1611-4BEE-95E3-D882AD0B63F1}.Debug|Win32.ActiveCfg = Debug|Win32
		{7E94B136-1611-4BEE-95E3-D882AD0B63F1}.Release|Win32.ActiveCfg = Release|Win32
		{7E94B136-1611-4BEE-95E3-D882AD0B63F1}.MinSizeRel|Win32.ActiveCfg = MinSizeRel|Win32
		{7E94B136-1611-4BEE-95E3-D882AD0B63F1}.RelWithDebInfo|Win32.ActiveCfg = RelWithDebInfo|Win32
		{2AFE110B-ECEB-4FE6-9951-5BA228A14E4E}.Debug|Win32.ActiveCfg = Debug|Win32
		{2AFE110B-ECEB-4FE6-9951-5BA228A14E4E}.Debug|Win32.Build.0 = Debug|Win32
		{2AFE110B-ECEB-4FE6-9951-5BA228A14E4E}.Release|Win32.ActiveCfg = Release|Win32
		{2AFE110B-ECEB-4FE6-9951-5BA228A14E4E}.Release|Win32.Build.0 = Release|Win32
		{2AFE110B-ECEB-4FE6-9951-5BA228A14E4E}.MinSizeRel|Win32.ActiveCfg = MinSizeRel|Win32
		{2AFE110B-ECEB-4FE6-9951-5BA228A14E4E}.MinSizeRel|Win32.Build.0 = MinSizeRel|Win32
		{2AFE110B-ECEB-4FE6-9951-5BA228A14E4E}.RelWithDebInfo|Win32.ActiveCfg = RelWithDebInfo|Win32
		{2AFE110B-ECEB-4FE6-9951-5BA228A14E4E}.RelWithDebInfo|Win32.Build.0 = RelWithDebInfo|Win32
		{8742E23B-9621-4784-AFF7-FC9BC580D1B4}.Debug|Win32.ActiveCfg = Debug|Win32
		{8742E23B-9621-4784-AFF7-FC9BC580D1B4}.Debug|Win32.Build.0 = Debug|Win32
		{8742E23B-9621-4784-AFF7-FC9BC580D1B4}.Release|Win32.ActiveCfg = Release|Win32
		{8742E23B-9621-4784-AFF7-FC9BC580D1B4}.Release|Win32.Build.0 = Release|Win32
		{8742E23B-9621-4784-AFF7-FC9BC580D1B4}.MinSizeRel|Win32.ActiveCfg = MinSizeRel|Win32
		{8742E23B-9621-4784-AFF7-FC9BC580D1B4}.MinSizeRel|Win32.Build.0 = MinSizeRel|Win32
		{8742E23B-9621-4784-AFF7-FC9BC580D1B4}.RelWithDebInfo|Win32.ActiveCfg = RelWithDebInfo|Win32
		{8742E23B-9621-4784-AFF7-FC9BC580D1B4}.RelWithDebInfo|Win32.Build.0 = RelWithDebInfo|Win32
	EndGlobalSection
	GlobalSection(ExtensibilityGlobals) = postSolution
	EndGlobalSection
	GlobalSection(ExtensibilityAddIns) = postSolution
	EndGlobalSection
EndGlobal
